# THIS IS AN AUTOGENERATED FILE. DO NOT EDIT THIS FILE DIRECTLY.
# yarn lockfile v1


unchained-js@^0.2.0:
  version "0.2.0"
  resolved "https://registry.yarnpkg.com/unchained-js/-/unchained-js-0.2.0.tgz#30b9df396f70886e018357110647aae17f8ed46e"
  integrity sha512-QklIR9O3bKe4wrZX0SkRTYHx2aIwzVUH3KOt6GGLM0YWntou3l0iTqd51p49VxaYtF5mjYSg6jH0QztH7LhPLA==
